hash: e62174f1a44b98f4101fc90b534d4639b2d52341e8cb82939be79db56bbddf21
updated: 2018-09-17T16:37:40.080069-04:00
imports:
- name: github.com/agl/ed25519
  version: 5312a61534124124185d41f09206b9fef1d88403
  subpackages:
  - edwards25519
  - extra25519
- name: github.com/blocktop/go-blockchain
  version: bdcf22c54d09c20503648662d1530875ab0c799b
- name: github.com/blocktop/go-consensus
  version: 320575d814da12ec38c46e789badb127faa2580e
- name: github.com/blocktop/go-controller
  version: 576f65248729d0826784d99ebbb73ebd3c9a5967
- name: github.com/blocktop/go-dashboard
  version: 2b667d2d396d10674cc81813ad2671e721e0b37e
  subpackages:
  - handlers/api
- name: github.com/blocktop/go-libp2p-bootstrap
  version: 911c95c488a6861ae16188870976432e8336a41e
  subpackages:
  - state/peers
  - state/started
- name: github.com/blocktop/go-luckyblock
  version: 8102f28e3df9518de78b78b2a3bc9c069d0e0f5b
- name: github.com/blocktop/go-network-libp2p
  version: f519faa9b52a3013dca6a22bfc3176713f33a79d
- name: github.com/blocktop/go-rpc-client
  version: df82e7002aa0984714d1bf69b029770d25855827
  subpackages:
  - consensus
- name: github.com/blocktop/go-rpc-server
  version: 42ac7e3f16e87c1b6a5eeaa93ff3f9b457758f23
- name: github.com/blocktop/go-spec
  version: 7a9a323c7282d1bc42c216015caa91949a6da2e3
- name: github.com/btcsuite/btcd
  version: cff30e1d23fc9e800b2b5b4b41ef1817dda07e9f
  subpackages:
  - btcec
- name: github.com/coreos/go-semver
  version: e214231b295a8ea9479f11b70b35d5acf3556d9b
  subpackages:
  - semver
- name: github.com/disiqueira/gotree
  version: 73b47c3b6537d653eaba90f8a684144ca0acb51f
- name: github.com/fatih/color
  version: 2d684516a8861da43017284349b7e303e809ac21
- name: github.com/fd/go-nat
  version: bad65a492f32121a87197f4a085905c35e2a367e
- name: github.com/fsnotify/fsnotify
  version: ccc981bf80385c528a65fbfdd49bf2d8da22aa23
- name: github.com/gin-contrib/sse
  version: 22d885f9ecc78bf4ee5d72b937e4bbcdc58e8cae
- name: github.com/gin-gonic/contrib
  version: 39cfb9727134fef3120d2458fce5fab14265a46c
  subpackages:
  - static
- name: github.com/gin-gonic/gin
  version: b27b7026c70697d84226f15d6d433bdf07023c5c
  subpackages:
  - binding
  - internal/json
  - render
- name: github.com/gogo/protobuf
  version: e14cafb6a2c249986e51c4b65c3206bf18578715
  subpackages:
  - io
  - proto
- name: github.com/golang/glog
  version: 23def4e6c14b4da8ac2ed8007337bc5eb5007998
- name: github.com/golang/protobuf
  version: acc501353c133fa62a2750ef0a37e5c8c971c2a4
  subpackages:
  - proto
  - ptypes
  - ptypes/any
  - ptypes/duration
  - ptypes/timestamp
- name: github.com/google/uuid
  version: 9b3b1e0f5f99ae461456d768e7d301a7acdaa2d8
- name: github.com/gorilla/rpc
  version: 5c1378103183095acc1b9289ac1475e3bc1e818e
  subpackages:
  - json
- name: github.com/gorilla/websocket
  version: 66b9c49e59c6c48f0ffce28c2d8b8a5678502c6d
- name: github.com/gxed/eventfd
  version: 80a92cca79a8041496ccc9dd773fcb52a57ec6f9
- name: github.com/gxed/GoEndian
  version: 0f5c6873267e5abf306ffcdfcfa4bf77517ef4a7
- name: github.com/gxed/hashland
  version: d9f6b97f8db22dd1e090fd0bbbe98f09cc7dd0a8
  subpackages:
  - keccakpg
- name: github.com/hashicorp/hcl
  version: 65a6292f0157eff210d03ed1bf6c59b190b8b906
  subpackages:
  - hcl/ast
  - hcl/parser
  - hcl/printer
  - hcl/scanner
  - hcl/strconv
  - hcl/token
  - json/parser
  - json/scanner
  - json/token
- name: github.com/huin/goupnp
  version: 1395d1447324cbea88d249fbfcfd70ea878fdfca
  subpackages:
  - dcps/internetgateway1
  - dcps/internetgateway2
  - httpu
  - scpd
  - soap
  - ssdp
- name: github.com/inconshreveable/mousetrap
  version: 76626ae9c91c4f2a10f34cad8ce83ea42c93bb75
- name: github.com/ipfs/go-log
  version: f29ae87b7f0fdcd9703a71727216d71e5cb7240d
  subpackages:
  - tracer
  - tracer/wire
  - writer
- name: github.com/jackpal/gateway
  version: cbcf4e3f3baee7952fc386c8b2534af4d267c875
- name: github.com/jackpal/go-nat-pmp
  version: 28a68d0c24adce1da43f8df6a57340909ecd7fdd
- name: github.com/jbenet/go-temp-err-catcher
  version: aac704a3f4f27190b4ccc05f303a4931fd1241ff
- name: github.com/jbenet/goprocess
  version: b497e2f366b8624394fb2e89c10ab607bebdde0b
  subpackages:
  - context
  - periodic
  - ratelimit
- name: github.com/json-iterator/go
  version: 2433035e513208b0f7bd5b50d0aecd889b2c1ff8
- name: github.com/libp2p/go-addr-util
  version: 26ae616f0dac754fff557513e984f930fbd88a92
- name: github.com/libp2p/go-conn-security
  version: 1c1bd1ec3af8fc1761adc0402730c434549cc546
  subpackages:
  - insecure
- name: github.com/libp2p/go-conn-security-multistream
  version: 1af57bb522666bf4fdf6831706c79f6782ab3734
- name: github.com/libp2p/go-flow-metrics
  version: 7e5a55af485341567f98d6847a373eb5ddcdcd43
- name: github.com/libp2p/go-libp2p
  version: 1959dde238c7a093dbce9966d205a25ed4b8f5cb
  subpackages:
  - config
  - p2p/discovery
  - p2p/host/basic
  - p2p/protocol/identify
  - p2p/protocol/identify/pb
- name: github.com/libp2p/go-libp2p-circuit
  version: fc688a855ff0966128f57ea84aa1d335f79d94b8
  subpackages:
  - pb
- name: github.com/libp2p/go-libp2p-crypto
  version: 274de1bb6c27780863df6b230c91324ab481dab2
  subpackages:
  - pb
- name: github.com/libp2p/go-libp2p-host
  version: 609d60a267a8a3ac0abd4e411ba3f0d611adad78
- name: github.com/libp2p/go-libp2p-interface-connmgr
  version: f81018e8b2ec3e3747455a823f5f62127e5fd9cd
- name: github.com/libp2p/go-libp2p-interface-pnet
  version: 86e6fc84b906599eac696308369896ece0ced63b
- name: github.com/libp2p/go-libp2p-loggables
  version: d6d01a5f5e0bcc27c612fd1e6aa8fc97e1cac488
- name: github.com/libp2p/go-libp2p-metrics
  version: 2e91117d783799237709d7f5165eb55c86b623a1
- name: github.com/libp2p/go-libp2p-nat
  version: a5aa365517b7400c54636f1dac89294ea19b43aa
- name: github.com/libp2p/go-libp2p-net
  version: ca76418a55cf459ca62ca59bc023b3dd4f88f59c
- name: github.com/libp2p/go-libp2p-peer
  version: 010c46e7b432a0b454d9ca397f08f364fa2139af
- name: github.com/libp2p/go-libp2p-peerstore
  version: 9194e8fbdfb1b64dfc82b9ea4f2606dc9a9607e1
  subpackages:
  - addr
  - pstoremem
- name: github.com/libp2p/go-libp2p-protocol
  version: b29f3d97e3a2fb8b29c5d04290e6cb5c5018004b
- name: github.com/libp2p/go-libp2p-secio
  version: 4a9436f8c4e0b6bc653fa185304fdb83240c7e06
  subpackages:
  - pb
- name: github.com/libp2p/go-libp2p-swarm
  version: 47c2aca63800c221f3262fcce9bfb9f4d4de6647
- name: github.com/libp2p/go-libp2p-transport
  version: 8f6ae5cfb9bf6dad99c6330b92a7c4dcd2911e50
- name: github.com/libp2p/go-libp2p-transport-upgrader
  version: 9fd989837112fd9ed67d7cc2f9eb93019d11c5ca
- name: github.com/libp2p/go-maddr-filter
  version: 57fd7e2ed649ba28b4f2c7bcab3a606e7cc4b12c
- name: github.com/libp2p/go-msgio
  version: d82125c9907e1365775356505f14277d47dfd4d6
  subpackages:
  - mpool
- name: github.com/libp2p/go-reuseport
  version: e46628cb7483cfb92096837ad8f85e9b66f17fc1
  subpackages:
  - poll
  - singlepoll
- name: github.com/libp2p/go-reuseport-transport
  version: 90b3b0a82752ab21f0c7fc2921335eabb64077c5
- name: github.com/libp2p/go-sockaddr
  version: a7494d4eefeb607c8bc491cf8850a6e8dbd41cab
  subpackages:
  - net
- name: github.com/libp2p/go-stream-muxer
  version: 9c6bd93eecbbab56630bb2688bb435d9fd1dfeb1
- name: github.com/libp2p/go-tcp-transport
  version: e8f740fa54d28bac663ddbe2fedb7b24ad6a7523
- name: github.com/libp2p/go-ws-transport
  version: fca06f9e7aa00137ca982ed5c7e5125d5e1348af
- name: github.com/magiconair/properties
  version: c2353362d570a7bfa228149c62842019201cfb71
- name: github.com/mattn/go-colorable
  version: efa589957cd060542a26d2dd7832fd6a6c6c3ade
- name: github.com/mattn/go-isatty
  version: 3fb116b820352b7f0c281308a4d6250c22d94e27
- name: github.com/miekg/dns
  version: 426ea785a99b1dad4755492b923feb327d9251a6
- name: github.com/minio/blake2b-simd
  version: 3f5f724cb5b182a5c278d6d3d55b40e7f8c2efb4
- name: github.com/minio/sha256-simd
  version: ad98a36ba0da87206e3378c556abbfeaeaa98668
- name: github.com/mitchellh/go-homedir
  version: ae18d6b8b3205b561c79e8e5f69bff09736185f4
- name: github.com/mitchellh/mapstructure
  version: fa473d140ef3c6adf42d6b391fe76707f1f243c8
- name: github.com/modern-go/concurrent
  version: bacd9c7ef1dd9b15be4a9909b8ac7a4e313eec94
- name: github.com/modern-go/reflect2
  version: 94122c33edd36123c84d5368cfb2b69df93a0ec8
- name: github.com/mr-tron/base58
  version: f84df45a6b88974a98d1473e9f0de0eac859a3d9
  subpackages:
  - base58
- name: github.com/multiformats/go-multiaddr
  version: f36800afeb9c141e1adb7da099e6f010dfd4c419
- name: github.com/multiformats/go-multiaddr-dns
  version: 78f39e8892d4f8c5c9f18679cc06d0b40ecab8cf
- name: github.com/multiformats/go-multiaddr-net
  version: ceed2dc9f0152198ccf8745f5a17c81ff4ae6bd4
- name: github.com/multiformats/go-multicodec
  version: b67bc51f663437753e2028cc4b5fea6192479956
  subpackages:
  - protobuf
- name: github.com/multiformats/go-multihash
  version: 66cd79b386e51ddf63270f2b71c57436a60035f3
- name: github.com/multiformats/go-multistream
  version: 0e509f6b999d3be262c0702d25fe868c77de1565
- name: github.com/opentracing/opentracing-go
  version: 6aa6febac7b98f836100ecaea478c04f30b6dbd0
  subpackages:
  - ext
  - log
- name: github.com/pelletier/go-toml
  version: c2dbbc24a97911339e01bda0b8cabdbd8f13b602
- name: github.com/rcrowley/go-metrics
  version: e2704e165165ec55d062f5919b4b29494e9fa790
- name: github.com/spaolacci/murmur3
  version: f09979ecbc725b9e6d41a297405f65e7e8804acc
- name: github.com/spf13/afero
  version: d40851caa0d747393da1ffb28f7f9d8b4eeffebd
  subpackages:
  - mem
- name: github.com/spf13/cast
  version: 8965335b8c7107321228e3e3702cab9832751bac
- name: github.com/spf13/cobra
  version: ef82de70bb3f60c65fb8eebacbb2d122ef517385
- name: github.com/spf13/jwalterweatherman
  version: 4a4406e478ca629068e7768fc33f3f044173c0a6
- name: github.com/spf13/pflag
  version: 298182f68c66c05229eb03ac171abe6e309ee79a
- name: github.com/spf13/viper
  version: 8fb642006536c8d3760c99d4fa2389f5e2205631
- name: github.com/ugorji/go
  version: e253f1f20942cb6dc505e504e8bbba4b7f434cb2
  subpackages:
  - codec
- name: github.com/whyrusleeping/go-logging
  version: 0457bb6b88fc1973573aaf6b5145d8d3ae972390
- name: github.com/whyrusleeping/go-multiplex
  version: 0cf3aebfba46b9267722f196b12146a7553da895
- name: github.com/whyrusleeping/go-notifier
  version: 097c5d47330ff6a823f67e3515faa13566a62c6f
- name: github.com/whyrusleeping/go-smux-multiplex
  version: cc30230b7c9a992ab1614cf9fb9bfc5f8244f907
- name: github.com/whyrusleeping/go-smux-multistream
  version: e799b10bc6eea2cc5ce18f7b7b4d8e1a0439476d
- name: github.com/whyrusleeping/go-smux-yamux
  version: eac25f3e2d47aae211e457e7664b52634c95eea8
- name: github.com/whyrusleeping/mafmt
  version: 1dc32401ee9fdd3f6cdb3405ec984d5dae877b2a
- name: github.com/whyrusleeping/mdns
  version: ef14215e6b30606f4ce84174ed7a644a05cb1af3
- name: github.com/whyrusleeping/multiaddr-filter
  version: e903e4adabd70b78bc9293b6ee4f359afb3f9f59
- name: github.com/whyrusleeping/yamux
  version: cb29a700b01dc3c2fdd743c00cf54685056bb62a
- name: golang.org/x/crypto
  version: 0e37d006457bf46f9e6692014ba72ef82c33022c
  subpackages:
  - blake2s
  - blowfish
  - ed25519
  - ed25519/internal/edwards25519
  - sha3
- name: golang.org/x/net
  version: 26e67e76b6c3f6ce91f7c52def5af501b4e0f3a2
  subpackages:
  - bpf
  - html
  - html/atom
  - html/charset
  - internal/iana
  - internal/socket
  - ipv4
  - ipv6
- name: golang.org/x/sys
  version: d0be0721c37eeb5299f245a996a483160fc36940
  subpackages:
  - cpu
  - unix
  - windows
- name: golang.org/x/text
  version: 905a57155faa8230500121607930ebb9dd8e139c
  subpackages:
  - encoding
  - encoding/charmap
  - encoding/htmlindex
  - encoding/internal
  - encoding/internal/identifier
  - encoding/japanese
  - encoding/korean
  - encoding/simplifiedchinese
  - encoding/traditionalchinese
  - encoding/unicode
  - internal/language
  - internal/language/compact
  - internal/tag
  - internal/utf8internal
  - language
  - runes
  - transform
  - unicode/norm
- name: gopkg.in/go-playground/validator.v8
  version: 5f1438d3fca68893a817e4a66806cea46a9e4ebf
- name: gopkg.in/yaml.v2
  version: 5420a8b6744d3b0345ab293f6fcba19c978f1183
testImports: []
